
Microsoft Visual Studio Solution File, Format Version 12.00
Project("{FAE04EC0-301F-11D3-BF4B-00C04F79EFBC}") = "Ghtk.Api", "Ghtk.Api\Ghtk.Api.csproj", "{7D0ED3E3-0D6F-4249-B720-D2B435998672}"
EndProject
Project("{FAE04EC0-301F-11D3-BF4B-00C04F79EFBC}") = "Ghtk.Authorization", "Ghtk.Authorization\Ghtk.Authorization.csproj", "{8354D705-8906-4291-9E82-381434544B8E}"
EndProject
Project("{FAE04EC0-301F-11D3-BF4B-00C04F79EFBC}") = "ClientAuthentication", "ClientAuthentication\ClientAuthentication.csproj", "{D2B189BB-EF68-4FD4-82B2-92332DC8ADEE}"
EndProject
Project("{FAE04EC0-301F-11D3-BF4B-00C04F79EFBC}") = "ClientAuthentication.API", "ClientAuthentication.API\ClientAuthentication.API.csproj", "{F8F98DB2-010F-42B4-9CD2-24E1FF970D56}"
EndProject
Global
	GlobalSection(SolutionConfigurationPlatforms) = preSolution
		Debug|Any CPU = Debug|Any CPU
		Release|Any CPU = Release|Any CPU
	EndGlobalSection
	GlobalSection(ProjectConfigurationPlatforms) = postSolution
		{7D0ED3E3-0D6F-4249-B720-D2B435998672}.Debug|Any CPU.ActiveCfg = Debug|Any CPU
		{7D0ED3E3-0D6F-4249-B720-D2B435998672}.Debug|Any CPU.Build.0 = Debug|Any CPU
		{7D0ED3E3-0D6F-4249-B720-D2B435998672}.Release|Any CPU.ActiveCfg = Release|Any CPU
		{7D0ED3E3-0D6F-4249-B720-D2B435998672}.Release|Any CPU.Build.0 = Release|Any CPU
		{8354D705-8906-4291-9E82-381434544B8E}.Debug|Any CPU.ActiveCfg = Debug|Any CPU
		{8354D705-8906-4291-9E82-381434544B8E}.Debug|Any CPU.Build.0 = Debug|Any CPU
		{8354D705-8906-4291-9E82-381434544B8E}.Release|Any CPU.ActiveCfg = Release|Any CPU
		{8354D705-8906-4291-9E82-381434544B8E}.Release|Any CPU.Build.0 = Release|Any CPU
		{D2B189BB-EF68-4FD4-82B2-92332DC8ADEE}.Debug|Any CPU.ActiveCfg = Debug|Any CPU
		{D2B189BB-EF68-4FD4-82B2-92332DC8ADEE}.Debug|Any CPU.Build.0 = Debug|Any CPU
		{D2B189BB-EF68-4FD4-82B2-92332DC8ADEE}.Release|Any CPU.ActiveCfg = Release|Any CPU
		{D2B189BB-EF68-4FD4-82B2-92332DC8ADEE}.Release|Any CPU.Build.0 = Release|Any CPU
		{F8F98DB2-010F-42B4-9CD2-24E1FF970D56}.Debug|Any CPU.ActiveCfg = Debug|Any CPU
		{F8F98DB2-010F-42B4-9CD2-24E1FF970D56}.Debug|Any CPU.Build.0 = Debug|Any CPU
		{F8F98DB2-010F-42B4-9CD2-24E1FF970D56}.Release|Any CPU.ActiveCfg = Release|Any CPU
		{F8F98DB2-010F-42B4-9CD2-24E1FF970D56}.Release|Any CPU.Build.0 = Release|Any CPU
	EndGlobalSection
EndGlobal
